
Microsoft Visual Studio Solution File, Format Version 12.00
# Visual Studio Version 16
VisualStudioVersion = 16.0.29519.181
MinimumVisualStudioVersion = 10.0.40219.1
Project("{FAE04EC0-301F-11D3-BF4B-00C04F79EFBC}") = "SimpleBlog", "SimpleBlog\SimpleBlog.csproj", "{0534C5E5-9A7E-4D79-A1D2-3BF66D58BE65}"
EndProject
Global
	GlobalSection(SolutionConfigurationPlatforms) = preSolution
		Debug|Any CPU = Debug|Any CPU
		Release|Any CPU = Release|Any CPU
	EndGlobalSection
	GlobalSection(ProjectConfigurationPlatforms) = postSolution
		{0534C5E5-9A7E-4D79-A1D2-3BF66D58BE65}.Debug|Any CPU.ActiveCfg = Debug|Any CPU
		{0534C5E5-9A7E-4D79-A1D2-3BF66D58BE65}.Debug|Any CPU.Build.0 = Debug|Any CPU
		{0534C5E5-9A7E-4D79-A1D2-3BF66D58BE65}.Release|Any CPU.ActiveCfg = Release|Any CPU
		{0534C5E5-9A7E-4D79-A1D2-3BF66D58BE65}.Release|Any CPU.Build.0 = Release|Any CPU
	EndGlobalSection
	GlobalSection(SolutionProperties) = preSolution
		HideSolutionNode = FALSE
	EndGlobalSection
	GlobalSection(ExtensibilityGlobals) = postSolution
		SolutionGuid = {2E4E9E8B-E9EB-419B-B5EE-D23AF73BCC14}
	EndGlobalSection
EndGlobal
